
Microsoft Visual Studio Solution File, Format Version 12.00
# Visual Studio Version 17
VisualStudioVersion = 17.11.35208.52
MinimumVisualStudioVersion = 10.0.40219.1
Project("{FAE04EC0-301F-11D3-BF4B-00C04F79EFBC}") = "Abstraction-Interfaces4", "Abstraction-Interfaces4.csproj", "{6BE7AFD8-4CD6-4C46-ACC7-8000ADADD4D9}"
EndProject
Global
	GlobalSection(SolutionConfigurationPlatforms) = preSolution
		Debug|Any CPU = Debug|Any CPU
		Release|Any CPU = Release|Any CPU
	EndGlobalSection
	GlobalSection(ProjectConfigurationPlatforms) = postSolution
		{6BE7AFD8-4CD6-4C46-ACC7-8000ADADD4D9}.Debug|Any CPU.ActiveCfg = Debug|Any CPU
		{6BE7AFD8-4CD6-4C46-ACC7-8000ADADD4D9}.Debug|Any CPU.Build.0 = Debug|Any CPU
		{6BE7AFD8-4CD6-4C46-ACC7-8000ADADD4D9}.Release|Any CPU.ActiveCfg = Release|Any CPU
		{6BE7AFD8-4CD6-4C46-ACC7-8000ADADD4D9}.Release|Any CPU.Build.0 = Release|Any CPU
	EndGlobalSection
	GlobalSection(SolutionProperties) = preSolution
		HideSolutionNode = FALSE
	EndGlobalSection
	GlobalSection(ExtensibilityGlobals) = postSolution
		SolutionGuid = {58B3DD82-967A-4F81-9E11-6AA44B2B111E}
	EndGlobalSection
EndGlobal
